Microsoft Visual Studio Solution File, Format Version 12.00
# Visual Studio 2012
Project("{FAE04EC0-301F-11D3-BF4B-00C04F79EFBC}") = "Character_ZZK", "Character_ZZK.csproj", "{0B38F63A-698C-4911-AE0D-8A5291BA196A}"
EndProject
Global
	GlobalSection(SolutionConfigurationPlatforms) = preSolution
	Debug|Any CPU = Debug|Any CPU
	ExportDebug|Any CPU = ExportDebug|Any CPU
	ExportRelease|Any CPU = ExportRelease|Any CPU
	EndGlobalSection
	GlobalSection(ProjectConfigurationPlatforms) = postSolution
		{0B38F63A-698C-4911-AE0D-8A5291BA196A}.Debug|Any CPU.ActiveCfg = Debug|Any CPU
		{0B38F63A-698C-4911-AE0D-8A5291BA196A}.Debug|Any CPU.Build.0 = Debug|Any CPU
		{0B38F63A-698C-4911-AE0D-8A5291BA196A}.ExportDebug|Any CPU.ActiveCfg = ExportDebug|Any CPU
		{0B38F63A-698C-4911-AE0D-8A5291BA196A}.ExportDebug|Any CPU.Build.0 = ExportDebug|Any CPU
		{0B38F63A-698C-4911-AE0D-8A5291BA196A}.ExportRelease|Any CPU.ActiveCfg = ExportRelease|Any CPU
		{0B38F63A-698C-4911-AE0D-8A5291BA196A}.ExportRelease|Any CPU.Build.0 = ExportRelease|Any CPU
	EndGlobalSection
EndGlobal
